{
  "requires": true,
  "lockfileVersion": 1,
  "dependencies": {
    "@types/core-js": {
      "version": "2.5.0",
      "resolved": "https://registry.npmjs.org/@types/core-js/-/core-js-2.5.0.tgz",
      "integrity": "sha512-qjkHL3wF0JMHMqgm/kmL8Pf8rIiqvueEiZ0g6NVTcBX1WN46GWDr+V5z+gsHUeL0n8TfAmXnYmF7ajsxmBp4PQ==",
      "dev": true
    },
    "ngx-pagination": {
      "version": "3.2.1",
      "resolved": "https://registry.npmjs.org/ngx-pagination/-/ngx-pagination-3.2.1.tgz",
      "integrity": "sha512-+dprQkYoiNYDZkNAe/1HX0wDFbwCTE31mC2bEQVdI7ZbjEIvGB7R3zp5QoCKgz6cPFatUj4Iw6Ukqp5zx0oT/Q=="
    }
  }
}
