
Microsoft Visual Studio Solution File, Format Version 12.00
# Visual Studio 15
VisualStudioVersion = 15.0.28307.329
MinimumVisualStudioVersion = 10.0.40219.1
Project("{2150E333-8FDC-42A3-9474-1A3956D46DE8}") = "src", "src", "{A7C09D78-C25B-44F0-903B-6C69796CD216}"
EndProject
Project("{2150E333-8FDC-42A3-9474-1A3956D46DE8}") = "ApiGateways", "ApiGateways", "{CB44EAF1-1C17-4FE1-B6EB-DBD554B9E033}"
EndProject
Project("{2150E333-8FDC-42A3-9474-1A3956D46DE8}") = "Web", "Web", "{16DFD1C5-006A-4F28-B355-1071088748A9}"
EndProject
Project("{2150E333-8FDC-42A3-9474-1A3956D46DE8}") = "Services", "Services", "{E3C60D64-67FE-4C66-9DCE-155F189EE921}"
EndProject
Project("{9A19103F-16F7-4668-BE54-9A1E7A4F7556}") = "WebSPA", "src\Web\WebSPA\WebSPA.csproj", "{A1AD9062-0B53-4685-A6C5-81D22A76A334}"
EndProject
Project("{2150E333-8FDC-42A3-9474-1A3956D46DE8}") = "News", "News", "{858E6113-D3C4-47EB-B028-27299B4E818C}"
EndProject
Project("{2150E333-8FDC-42A3-9474-1A3956D46DE8}") = "Identity", "Identity", "{A3A8602D-823A-41CE-993F-D8C6E6CC1EB5}"
EndProject
Project("{9A19103F-16F7-4668-BE54-9A1E7A4F7556}") = "Identity.Api", "src\Services\Identity\Identity.Api\Identity.Api.csproj", "{155CD124-A236-4A06-A2D4-41FB395CF184}"
EndProject
Project("{9A19103F-16F7-4668-BE54-9A1E7A4F7556}") = "News.Api", "src\Services\News\News.Api\News.Api.csproj", "{F5E28DDA-D7D4-45F8-BC11-1C60E9CD6D09}"
EndProject
Project("{E53339B2-1760-4266-BCC7-CA923CBCF16C}") = "docker-compose", "docker-compose.dcproj", "{F9BD65F0-06CD-49F8-AA7F-BBFFEE3C5F3D}"
EndProject
Global
	GlobalSection(SolutionConfigurationPlatforms) = preSolution
		Debug|Any CPU = Debug|Any CPU
		Release|Any CPU = Release|Any CPU
	EndGlobalSection
	GlobalSection(ProjectConfigurationPlatforms) = postSolution
		{A1AD9062-0B53-4685-A6C5-81D22A76A334}.Debug|Any CPU.ActiveCfg = Debug|Any CPU
		{A1AD9062-0B53-4685-A6C5-81D22A76A334}.Debug|Any CPU.Build.0 = Debug|Any CPU
		{A1AD9062-0B53-4685-A6C5-81D22A76A334}.Release|Any CPU.ActiveCfg = Release|Any CPU
		{A1AD9062-0B53-4685-A6C5-81D22A76A334}.Release|Any CPU.Build.0 = Release|Any CPU
		{155CD124-A236-4A06-A2D4-41FB395CF184}.Debug|Any CPU.ActiveCfg = Debug|Any CPU
		{155CD124-A236-4A06-A2D4-41FB395CF184}.Debug|Any CPU.Build.0 = Debug|Any CPU
		{155CD124-A236-4A06-A2D4-41FB395CF184}.Release|Any CPU.ActiveCfg = Release|Any CPU
		{155CD124-A236-4A06-A2D4-41FB395CF184}.Release|Any CPU.Build.0 = Release|Any CPU
		{F5E28DDA-D7D4-45F8-BC11-1C60E9CD6D09}.Debug|Any CPU.ActiveCfg = Debug|Any CPU
		{F5E28DDA-D7D4-45F8-BC11-1C60E9CD6D09}.Debug|Any CPU.Build.0 = Debug|Any CPU
		{F5E28DDA-D7D4-45F8-BC11-1C60E9CD6D09}.Release|Any CPU.ActiveCfg = Release|Any CPU
		{F5E28DDA-D7D4-45F8-BC11-1C60E9CD6D09}.Release|Any CPU.Build.0 = Release|Any CPU
		{F9BD65F0-06CD-49F8-AA7F-BBFFEE3C5F3D}.Debug|Any CPU.ActiveCfg = Debug|Any CPU
		{F9BD65F0-06CD-49F8-AA7F-BBFFEE3C5F3D}.Debug|Any CPU.Build.0 = Debug|Any CPU
		{F9BD65F0-06CD-49F8-AA7F-BBFFEE3C5F3D}.Release|Any CPU.ActiveCfg = Release|Any CPU
		{F9BD65F0-06CD-49F8-AA7F-BBFFEE3C5F3D}.Release|Any CPU.Build.0 = Release|Any CPU
	EndGlobalSection
	GlobalSection(SolutionProperties) = preSolution
		HideSolutionNode = FALSE
	EndGlobalSection
	GlobalSection(NestedProjects) = preSolution
		{CB44EAF1-1C17-4FE1-B6EB-DBD554B9E033} = {A7C09D78-C25B-44F0-903B-6C69796CD216}
		{16DFD1C5-006A-4F28-B355-1071088748A9} = {A7C09D78-C25B-44F0-903B-6C69796CD216}
		{E3C60D64-67FE-4C66-9DCE-155F189EE921} = {A7C09D78-C25B-44F0-903B-6C69796CD216}
		{A1AD9062-0B53-4685-A6C5-81D22A76A334} = {16DFD1C5-006A-4F28-B355-1071088748A9}
		{858E6113-D3C4-47EB-B028-27299B4E818C} = {E3C60D64-67FE-4C66-9DCE-155F189EE921}
		{A3A8602D-823A-41CE-993F-D8C6E6CC1EB5} = {E3C60D64-67FE-4C66-9DCE-155F189EE921}
		{155CD124-A236-4A06-A2D4-41FB395CF184} = {A3A8602D-823A-41CE-993F-D8C6E6CC1EB5}
		{F5E28DDA-D7D4-45F8-BC11-1C60E9CD6D09} = {858E6113-D3C4-47EB-B028-27299B4E818C}
	EndGlobalSection
	GlobalSection(ExtensibilityGlobals) = postSolution
		SolutionGuid = {CFE33F66-5343-4281-BD47-D4EB9C4831B3}
	EndGlobalSection
EndGlobal
