
Microsoft Visual Studio Solution File, Format Version 12.00
# Visual Studio 15
VisualStudioVersion = 15.0.28307.329
MinimumVisualStudioVersion = 10.0.40219.1
Project("{FAE04EC0-301F-11D3-BF4B-00C04F79EFBC}") = "Portal", "Portal\Portal.csproj", "{ACE91D65-1E59-4D8F-AF93-6716110B8698}"
EndProject
Global
	GlobalSection(SolutionConfigurationPlatforms) = preSolution
		Debug|Any CPU = Debug|Any CPU
		Release|Any CPU = Release|Any CPU
	EndGlobalSection
	GlobalSection(ProjectConfigurationPlatforms) = postSolution
		{ACE91D65-1E59-4D8F-AF93-6716110B8698}.Debug|Any CPU.ActiveCfg = Debug|Any CPU
		{ACE91D65-1E59-4D8F-AF93-6716110B8698}.Debug|Any CPU.Build.0 = Debug|Any CPU
		{ACE91D65-1E59-4D8F-AF93-6716110B8698}.Release|Any CPU.ActiveCfg = Release|Any CPU
		{ACE91D65-1E59-4D8F-AF93-6716110B8698}.Release|Any CPU.Build.0 = Release|Any CPU
	EndGlobalSection
	GlobalSection(SolutionProperties) = preSolution
		HideSolutionNode = FALSE
	EndGlobalSection
	GlobalSection(ExtensibilityGlobals) = postSolution
		SolutionGuid = {FB3D585E-B371-4DB1-B65E-FAED376FE9A8}
	EndGlobalSection
EndGlobal
